
Microsoft Visual Studio Solution File, Format Version 12.00
# Visual Studio Version 17
VisualStudioVersion = 17.5.002.0
MinimumVisualStudioVersion = 10.0.40219.1
Project("{9A19103F-16F7-4668-BE54-9A1E7A4F7556}") = "MirrorNumber", "MirrorNumber.csproj", "{4D9BE596-03C7-483F-A400-5210B7A60046}"
EndProject
Global
	GlobalSection(SolutionConfigurationPlatforms) = preSolution
		Debug|Any CPU = Debug|Any CPU
		Release|Any CPU = Release|Any CPU
	EndGlobalSection
	GlobalSection(ProjectConfigurationPlatforms) = postSolution
		{4D9BE596-03C7-483F-A400-5210B7A60046}.Debug|Any CPU.ActiveCfg = Debug|Any CPU
		{4D9BE596-03C7-483F-A400-5210B7A60046}.Debug|Any CPU.Build.0 = Debug|Any CPU
		{4D9BE596-03C7-483F-A400-5210B7A60046}.Release|Any CPU.ActiveCfg = Release|Any CPU
		{4D9BE596-03C7-483F-A400-5210B7A60046}.Release|Any CPU.Build.0 = Release|Any CPU
	EndGlobalSection
	GlobalSection(SolutionProperties) = preSolution
		HideSolutionNode = FALSE
	EndGlobalSection
	GlobalSection(ExtensibilityGlobals) = postSolution
		SolutionGuid = {5FFA5CB2-FA05-423F-A8C2-DC7E6E475BE3}
	EndGlobalSection
EndGlobal
